
Microsoft Visual Studio Solution File, Format Version 12.00
# Visual Studio Version 16
VisualStudioVersion = 16.0.32228.343
MinimumVisualStudioVersion = 10.0.40219.1
Project("{FAE04EC0-301F-11D3-BF4B-00C04F79EFBC}") = "P-SMulti_Tool", "P-SMulti_Tool\P-SMulti_Tool.csproj", "{EFDAA848-5326-4502-9CA0-CCCC740E4EC2}"
EndProject
Global
	GlobalSection(SolutionConfigurationPlatforms) = preSolution
		Debug|Any CPU = Debug|Any CPU
		Release|Any CPU = Release|Any CPU
	EndGlobalSection
	GlobalSection(ProjectConfigurationPlatforms) = postSolution
		{EFDAA848-5326-4502-9CA0-CCCC740E4EC2}.Debug|Any CPU.ActiveCfg = Debug|Any CPU
		{EFDAA848-5326-4502-9CA0-CCCC740E4EC2}.Debug|Any CPU.Build.0 = Debug|Any CPU
		{EFDAA848-5326-4502-9CA0-CCCC740E4EC2}.Release|Any CPU.ActiveCfg = Release|Any CPU
		{EFDAA848-5326-4502-9CA0-CCCC740E4EC2}.Release|Any CPU.Build.0 = Release|Any CPU
	EndGlobalSection
	GlobalSection(SolutionProperties) = preSolution
		HideSolutionNode = FALSE
	EndGlobalSection
	GlobalSection(ExtensibilityGlobals) = postSolution
		SolutionGuid = {BD7C490E-C1D1-454F-8DC3-506F7C50BE1D}
	EndGlobalSection
EndGlobal
